
Microsoft Visual Studio Solution File, Format Version 12.00
# Visual Studio Version 16
VisualStudioVersion = 16.0.29613.14
MinimumVisualStudioVersion = 10.0.40219.1
Project("{FAE04EC0-301F-11D3-BF4B-00C04F79EFBC}") = "AnubhavConsole", "AnubhavConsole\AnubhavConsole.csproj", "{11DC4F52-77E3-48C3-9551-64A79986AF34}"
EndProject
Global
	GlobalSection(SolutionConfigurationPlatforms) = preSolution
		Debug|Any CPU = Debug|Any CPU
		Release|Any CPU = Release|Any CPU
	EndGlobalSection
	GlobalSection(ProjectConfigurationPlatforms) = postSolution
		{11DC4F52-77E3-48C3-9551-64A79986AF34}.Debug|Any CPU.ActiveCfg = Debug|Any CPU
		{11DC4F52-77E3-48C3-9551-64A79986AF34}.Debug|Any CPU.Build.0 = Debug|Any CPU
		{11DC4F52-77E3-48C3-9551-64A79986AF34}.Release|Any CPU.ActiveCfg = Release|Any CPU
		{11DC4F52-77E3-48C3-9551-64A79986AF34}.Release|Any CPU.Build.0 = Release|Any CPU
	EndGlobalSection
	GlobalSection(SolutionProperties) = preSolution
		HideSolutionNode = FALSE
	EndGlobalSection
	GlobalSection(ExtensibilityGlobals) = postSolution
		SolutionGuid = {C37027D2-530D-4399-B9F7-CB751A2576B8}
	EndGlobalSection
EndGlobal
